
Microsoft Visual Studio Solution File, Format Version 12.00
# Visual Studio Version 17
VisualStudioVersion = 17.5.33530.505
MinimumVisualStudioVersion = 10.0.40219.1
Project("{9A19103F-16F7-4668-BE54-9A1E7A4F7556}") = "ShopOnline.Web", "ShopOnline\ShopOnline.Web.csproj", "{52B57651-5F88-4E6D-B950-C220D53EBE6A}"
EndProject
Project("{9A19103F-16F7-4668-BE54-9A1E7A4F7556}") = "ShopOnline.Api", "ShopOnline.Api\ShopOnline.Api.csproj", "{BEFA2B9A-352A-40AC-BFA1-4D6D2E3E7041}"
EndProject
Project("{9A19103F-16F7-4668-BE54-9A1E7A4F7556}") = "ShopOnline.Models", "ShopOnline.Models\ShopOnline.Models.csproj", "{81CABBD4-949D-4037-9746-372BEF9125D1}"
EndProject
Global
	GlobalSection(SolutionConfigurationPlatforms) = preSolution
		Debug|Any CPU = Debug|Any CPU
		Release|Any CPU = Release|Any CPU
	EndGlobalSection
	GlobalSection(ProjectConfigurationPlatforms) = postSolution
		{52B57651-5F88-4E6D-B950-C220D53EBE6A}.Debug|Any CPU.ActiveCfg = Debug|Any CPU
		{52B57651-5F88-4E6D-B950-C220D53EBE6A}.Debug|Any CPU.Build.0 = Debug|Any CPU
		{52B57651-5F88-4E6D-B950-C220D53EBE6A}.Release|Any CPU.ActiveCfg = Release|Any CPU
		{52B57651-5F88-4E6D-B950-C220D53EBE6A}.Release|Any CPU.Build.0 = Release|Any CPU
		{BEFA2B9A-352A-40AC-BFA1-4D6D2E3E7041}.Debug|Any CPU.ActiveCfg = Debug|Any CPU
		{BEFA2B9A-352A-40AC-BFA1-4D6D2E3E7041}.Debug|Any CPU.Build.0 = Debug|Any CPU
		{BEFA2B9A-352A-40AC-BFA1-4D6D2E3E7041}.Release|Any CPU.ActiveCfg = Release|Any CPU
		{BEFA2B9A-352A-40AC-BFA1-4D6D2E3E7041}.Release|Any CPU.Build.0 = Release|Any CPU
		{81CABBD4-949D-4037-9746-372BEF9125D1}.Debug|Any CPU.ActiveCfg = Debug|Any CPU
		{81CABBD4-949D-4037-9746-372BEF9125D1}.Debug|Any CPU.Build.0 = Debug|Any CPU
		{81CABBD4-949D-4037-9746-372BEF9125D1}.Release|Any CPU.ActiveCfg = Release|Any CPU
		{81CABBD4-949D-4037-9746-372BEF9125D1}.Release|Any CPU.Build.0 = Release|Any CPU
	EndGlobalSection
	GlobalSection(SolutionProperties) = preSolution
		HideSolutionNode = FALSE
	EndGlobalSection
	GlobalSection(ExtensibilityGlobals) = postSolution
		SolutionGuid = {195AF97F-AA89-48FC-887E-44E72AFA3DA7}
	EndGlobalSection
EndGlobal
